
Microsoft Visual Studio Solution File, Format Version 12.00
# Visual Studio Version 16
VisualStudioVersion = 16.0.31019.35
MinimumVisualStudioVersion = 10.0.40219.1
Project("{FAE04EC0-301F-11D3-BF4B-00C04F79EFBC}") = "Project_3_MusicApp_API_DataBases", "Project_3_MusicApp_API_DataBases.csproj", "{84FB3B6D-61FE-4C6E-B10B-80BA4EBEDC5F}"
EndProject
Global
	GlobalSection(SolutionConfigurationPlatforms) = preSolution
		Debug|Any CPU = Debug|Any CPU
		Release|Any CPU = Release|Any CPU
	EndGlobalSection
	GlobalSection(ProjectConfigurationPlatforms) = postSolution
		{84FB3B6D-61FE-4C6E-B10B-80BA4EBEDC5F}.Debug|Any CPU.ActiveCfg = Debug|Any CPU
		{84FB3B6D-61FE-4C6E-B10B-80BA4EBEDC5F}.Debug|Any CPU.Build.0 = Debug|Any CPU
		{84FB3B6D-61FE-4C6E-B10B-80BA4EBEDC5F}.Release|Any CPU.ActiveCfg = Release|Any CPU
		{84FB3B6D-61FE-4C6E-B10B-80BA4EBEDC5F}.Release|Any CPU.Build.0 = Release|Any CPU
	EndGlobalSection
	GlobalSection(SolutionProperties) = preSolution
		HideSolutionNode = FALSE
	EndGlobalSection
	GlobalSection(ExtensibilityGlobals) = postSolution
		SolutionGuid = {D5330BF4-271E-474C-92AF-DF4B6377DC15}
	EndGlobalSection
EndGlobal
